
Microsoft Visual Studio Solution File, Format Version 12.00
# Visual Studio Version 16
VisualStudioVersion = 16.0.29613.14
MinimumVisualStudioVersion = 10.0.40219.1
Project("{FAE04EC0-301F-11D3-BF4B-00C04F79EFBC}") = "jogo_da_velha", "jogo_da_velha\jogo_da_velha.csproj", "{39E684B1-B742-45D3-9B00-EC8E548ED805}"
EndProject
Global
	GlobalSection(SolutionConfigurationPlatforms) = preSolution
		Debug|Any CPU = Debug|Any CPU
		Release|Any CPU = Release|Any CPU
	EndGlobalSection
	GlobalSection(ProjectConfigurationPlatforms) = postSolution
		{39E684B1-B742-45D3-9B00-EC8E548ED805}.Debug|Any CPU.ActiveCfg = Debug|Any CPU
		{39E684B1-B742-45D3-9B00-EC8E548ED805}.Debug|Any CPU.Build.0 = Debug|Any CPU
		{39E684B1-B742-45D3-9B00-EC8E548ED805}.Release|Any CPU.ActiveCfg = Release|Any CPU
		{39E684B1-B742-45D3-9B00-EC8E548ED805}.Release|Any CPU.Build.0 = Release|Any CPU
	EndGlobalSection
	GlobalSection(SolutionProperties) = preSolution
		HideSolutionNode = FALSE
	EndGlobalSection
	GlobalSection(ExtensibilityGlobals) = postSolution
		SolutionGuid = {174A9DB5-11E1-4B2D-82C1-9A2F9907F886}
	EndGlobalSection
EndGlobal
